
Microsoft Visual Studio Solution File, Format Version 12.00
# Visual Studio 15
VisualStudioVersion = 15.0.27130.2003
MinimumVisualStudioVersion = 10.0.40219.1
Project("{FAE04EC0-301F-11D3-BF4B-00C04F79EFBC}") = "MIT.Telemetry.Server", "Funbit.Ets.Telemetry.Server\MIT.Telemetry.Server.csproj", "{5DDDD979-7911-4E6E-877D-4674E3DD7E62}"
EndProject
Project("{8BC9CEB8-8B4A-11D0-8D11-00A0C91BC942}") = "ets2-telemetry", "ets2-sdk-dll\ets2-telemetry\ets2-telemetry.vcxproj", "{A682E7F2-5D47-4223-9605-CC75FFCB813C}"
EndProject
Global
	GlobalSection(SolutionConfigurationPlatforms) = preSolution
		Debug|Android = Debug|Android
		Debug|Any CPU = Debug|Any CPU
		Debug|iOS = Debug|iOS
		Debug|Mixed Platforms = Debug|Mixed Platforms
		Debug|Windows Phone (Universal) = Debug|Windows Phone (Universal)
		Debug|Windows Phone 8 = Debug|Windows Phone 8
		Debug|Windows-AnyCPU = Debug|Windows-AnyCPU
		Debug|Windows-ARM = Debug|Windows-ARM
		Debug|Windows-x64 = Debug|Windows-x64
		Debug|Windows-x86 = Debug|Windows-x86
		Debug|x86 = Debug|x86
		Distribution|Android = Distribution|Android
		Distribution|Any CPU = Distribution|Any CPU
		Distribution|iOS = Distribution|iOS
		Distribution|Mixed Platforms = Distribution|Mixed Platforms
		Distribution|Windows Phone (Universal) = Distribution|Windows Phone (Universal)
		Distribution|Windows Phone 8 = Distribution|Windows Phone 8
		Distribution|Windows-AnyCPU = Distribution|Windows-AnyCPU
		Distribution|Windows-ARM = Distribution|Windows-ARM
		Distribution|Windows-x64 = Distribution|Windows-x64
		Distribution|Windows-x86 = Distribution|Windows-x86
		Distribution|x86 = Distribution|x86
		Release|Android = Release|Android
		Release|Any CPU = Release|Any CPU
		Release|iOS = Release|iOS
		Release|Mixed Platforms = Release|Mixed Platforms
		Release|Windows Phone (Universal) = Release|Windows Phone (Universal)
		Release|Windows Phone 8 = Release|Windows Phone 8
		Release|Windows-AnyCPU = Release|Windows-AnyCPU
		Release|Windows-ARM = Release|Windows-ARM
		Release|Windows-x64 = Release|Windows-x64
		Release|Windows-x86 = Release|Windows-x86
		Release|x86 = Release|x86
	EndGlobalSection
	GlobalSection(ProjectConfigurationPlatforms) = postSolution
		{5DDDD979-7911-4E6E-877D-4674E3DD7E62}.Debug|Android.ActiveCfg = Debug|Any CPU
		{5DDDD979-7911-4E6E-877D-4674E3DD7E62}.Debug|Any CPU.ActiveCfg = Debug|Any CPU
		{5DDDD979-7911-4E6E-877D-4674E3DD7E62}.Debug|Any CPU.Build.0 = Debug|Any CPU
		{5DDDD979-7911-4E6E-877D-4674E3DD7E62}.Debug|iOS.ActiveCfg = Debug|Any CPU
		{5DDDD979-7911-4E6E-877D-4674E3DD7E62}.Debug|Mixed Platforms.ActiveCfg = Debug|Any CPU
		{5DDDD979-7911-4E6E-877D-4674E3DD7E62}.Debug|Mixed Platforms.Build.0 = Debug|Any CPU
		{5DDDD979-7911-4E6E-877D-4674E3DD7E62}.Debug|Windows Phone (Universal).ActiveCfg = Debug|Any CPU
		{5DDDD979-7911-4E6E-877D-4674E3DD7E62}.Debug|Windows Phone 8.ActiveCfg = Debug|Any CPU
		{5DDDD979-7911-4E6E-877D-4674E3DD7E62}.Debug|Windows-AnyCPU.ActiveCfg = Debug|Any CPU
		{5DDDD979-7911-4E6E-877D-4674E3DD7E62}.Debug|Windows-ARM.ActiveCfg = Debug|Any CPU
		{5DDDD979-7911-4E6E-877D-4674E3DD7E62}.Debug|Windows-x64.ActiveCfg = Debug|Any CPU
		{5DDDD979-7911-4E6E-877D-4674E3DD7E62}.Debug|Windows-x86.ActiveCfg = Debug|Any CPU
		{5DDDD979-7911-4E6E-877D-4674E3DD7E62}.Debug|x86.ActiveCfg = Debug|Any CPU
		{5DDDD979-7911-4E6E-877D-4674E3DD7E62}.Debug|x86.Build.0 = Debug|Any CPU
		{5DDDD979-7911-4E6E-877D-4674E3DD7E62}.Distribution|Android.ActiveCfg = Debug|Any CPU
		{5DDDD979-7911-4E6E-877D-4674E3DD7E62}.Distribution|Any CPU.ActiveCfg = Debug|Any CPU
		{5DDDD979-7911-4E6E-877D-4674E3DD7E62}.Distribution|Any CPU.Build.0 = Debug|Any CPU
		{5DDDD979-7911-4E6E-877D-4674E3DD7E62}.Distribution|iOS.ActiveCfg = Debug|Any CPU
		{5DDDD979-7911-4E6E-877D-4674E3DD7E62}.Distribution|Mixed Platforms.ActiveCfg = Debug|Any CPU
		{5DDDD979-7911-4E6E-877D-4674E3DD7E62}.Distribution|Mixed Platforms.Build.0 = Debug|Any CPU
		{5DDDD979-7911-4E6E-877D-4674E3DD7E62}.Distribution|Windows Phone (Universal).ActiveCfg = Debug|Any CPU
		{5DDDD979-7911-4E6E-877D-4674E3DD7E62}.Distribution|Windows Phone 8.ActiveCfg = Debug|Any CPU
		{5DDDD979-7911-4E6E-877D-4674E3DD7E62}.Distribution|Windows-AnyCPU.ActiveCfg = Debug|Any CPU
		{5DDDD979-7911-4E6E-877D-4674E3DD7E62}.Distribution|Windows-ARM.ActiveCfg = Debug|Any CPU
		{5DDDD979-7911-4E6E-877D-4674E3DD7E62}.Distribution|Windows-x64.ActiveCfg = Debug|Any CPU
		{5DDDD979-7911-4E6E-877D-4674E3DD7E62}.Distribution|Windows-x86.ActiveCfg = Debug|Any CPU
		{5DDDD979-7911-4E6E-877D-4674E3DD7E62}.Distribution|x86.ActiveCfg = Debug|Any CPU
		{5DDDD979-7911-4E6E-877D-4674E3DD7E62}.Distribution|x86.Build.0 = Debug|Any CPU
		{5DDDD979-7911-4E6E-877D-4674E3DD7E62}.Release|Android.ActiveCfg = Release|Any CPU
		{5DDDD979-7911-4E6E-877D-4674E3DD7E62}.Release|Any CPU.ActiveCfg = Release|Any CPU
		{5DDDD979-7911-4E6E-877D-4674E3DD7E62}.Release|Any CPU.Build.0 = Release|Any CPU
		{5DDDD979-7911-4E6E-877D-4674E3DD7E62}.Release|iOS.ActiveCfg = Release|Any CPU
		{5DDDD979-7911-4E6E-877D-4674E3DD7E62}.Release|Mixed Platforms.ActiveCfg = Release|Any CPU
		{5DDDD979-7911-4E6E-877D-4674E3DD7E62}.Release|Mixed Platforms.Build.0 = Release|Any CPU
		{5DDDD979-7911-4E6E-877D-4674E3DD7E62}.Release|Windows Phone (Universal).ActiveCfg = Release|Any CPU
		{5DDDD979-7911-4E6E-877D-4674E3DD7E62}.Release|Windows Phone 8.ActiveCfg = Release|Any CPU
		{5DDDD979-7911-4E6E-877D-4674E3DD7E62}.Release|Windows-AnyCPU.ActiveCfg = Release|Any CPU
		{5DDDD979-7911-4E6E-877D-4674E3DD7E62}.Release|Windows-ARM.ActiveCfg = Release|Any CPU
		{5DDDD979-7911-4E6E-877D-4674E3DD7E62}.Release|Windows-x64.ActiveCfg = Release|Any CPU
		{5DDDD979-7911-4E6E-877D-4674E3DD7E62}.Release|Windows-x86.ActiveCfg = Release|Any CPU
		{5DDDD979-7911-4E6E-877D-4674E3DD7E62}.Release|x86.ActiveCfg = Release|Any CPU
		{5DDDD979-7911-4E6E-877D-4674E3DD7E62}.Release|x86.Build.0 = Release|Any CPU
		{A682E7F2-5D47-4223-9605-CC75FFCB813C}.Debug|Android.ActiveCfg = Debug|Win32
		{A682E7F2-5D47-4223-9605-CC75FFCB813C}.Debug|Any CPU.ActiveCfg = Debug|Win32
		{A682E7F2-5D47-4223-9605-CC75FFCB813C}.Debug|iOS.ActiveCfg = Debug|Win32
		{A682E7F2-5D47-4223-9605-CC75FFCB813C}.Debug|Mixed Platforms.ActiveCfg = Debug|Win32
		{A682E7F2-5D47-4223-9605-CC75FFCB813C}.Debug|Mixed Platforms.Build.0 = Debug|Win32
		{A682E7F2-5D47-4223-9605-CC75FFCB813C}.Debug|Windows Phone (Universal).ActiveCfg = Debug|Win32
		{A682E7F2-5D47-4223-9605-CC75FFCB813C}.Debug|Windows Phone 8.ActiveCfg = Debug|Win32
		{A682E7F2-5D47-4223-9605-CC75FFCB813C}.Debug|Windows-AnyCPU.ActiveCfg = Debug|Win32
		{A682E7F2-5D47-4223-9605-CC75FFCB813C}.Debug|Windows-ARM.ActiveCfg = Debug|Win32
		{A682E7F2-5D47-4223-9605-CC75FFCB813C}.Debug|Windows-x64.ActiveCfg = Debug|Win32
		{A682E7F2-5D47-4223-9605-CC75FFCB813C}.Debug|Windows-x86.ActiveCfg = Debug|Win32
		{A682E7F2-5D47-4223-9605-CC75FFCB813C}.Debug|x86.ActiveCfg = Debug|Win32
		{A682E7F2-5D47-4223-9605-CC75FFCB813C}.Debug|x86.Build.0 = Debug|Win32
		{A682E7F2-5D47-4223-9605-CC75FFCB813C}.Distribution|Android.ActiveCfg = Release|Win32
		{A682E7F2-5D47-4223-9605-CC75FFCB813C}.Distribution|Android.Build.0 = Release|Win32
		{A682E7F2-5D47-4223-9605-CC75FFCB813C}.Distribution|Any CPU.ActiveCfg = Release|Win32
		{A682E7F2-5D47-4223-9605-CC75FFCB813C}.Distribution|Any CPU.Build.0 = Release|Win32
		{A682E7F2-5D47-4223-9605-CC75FFCB813C}.Distribution|iOS.ActiveCfg = Release|Win32
		{A682E7F2-5D47-4223-9605-CC75FFCB813C}.Distribution|iOS.Build.0 = Release|Win32
		{A682E7F2-5D47-4223-9605-CC75FFCB813C}.Distribution|Mixed Platforms.ActiveCfg = Debug|Win32
		{A682E7F2-5D47-4223-9605-CC75FFCB813C}.Distribution|Mixed Platforms.Build.0 = Debug|Win32
		{A682E7F2-5D47-4223-9605-CC75FFCB813C}.Distribution|Windows Phone (Universal).ActiveCfg = Release|Win32
		{A682E7F2-5D47-4223-9605-CC75FFCB813C}.Distribution|Windows Phone (Universal).Build.0 = Release|Win32
		{A682E7F2-5D47-4223-9605-CC75FFCB813C}.Distribution|Windows Phone 8.ActiveCfg = Release|Win32
		{A682E7F2-5D47-4223-9605-CC75FFCB813C}.Distribution|Windows Phone 8.Build.0 = Release|Win32
		{A682E7F2-5D47-4223-9605-CC75FFCB813C}.Distribution|Windows-AnyCPU.ActiveCfg = Release|Win32
		{A682E7F2-5D47-4223-9605-CC75FFCB813C}.Distribution|Windows-AnyCPU.Build.0 = Release|Win32
		{A682E7F2-5D47-4223-9605-CC75FFCB813C}.Distribution|Windows-ARM.ActiveCfg = Release|Win32
		{A682E7F2-5D47-4223-9605-CC75FFCB813C}.Distribution|Windows-ARM.Build.0 = Release|Win32
		{A682E7F2-5D47-4223-9605-CC75FFCB813C}.Distribution|Windows-x64.ActiveCfg = Release|Win32
		{A682E7F2-5D47-4223-9605-CC75FFCB813C}.Distribution|Windows-x64.Build.0 = Release|Win32
		{A682E7F2-5D47-4223-9605-CC75FFCB813C}.Distribution|Windows-x86.ActiveCfg = Release|Win32
		{A682E7F2-5D47-4223-9605-CC75FFCB813C}.Distribution|Windows-x86.Build.0 = Release|Win32
		{A682E7F2-5D47-4223-9605-CC75FFCB813C}.Distribution|x86.ActiveCfg = Debug|Win32
		{A682E7F2-5D47-4223-9605-CC75FFCB813C}.Distribution|x86.Build.0 = Debug|Win32
		{A682E7F2-5D47-4223-9605-CC75FFCB813C}.Release|Android.ActiveCfg = Release|Win32
		{A682E7F2-5D47-4223-9605-CC75FFCB813C}.Release|Any CPU.ActiveCfg = Release|Win32
		{A682E7F2-5D47-4223-9605-CC75FFCB813C}.Release|iOS.ActiveCfg = Release|Win32
		{A682E7F2-5D47-4223-9605-CC75FFCB813C}.Release|Mixed Platforms.ActiveCfg = Release|Win32
		{A682E7F2-5D47-4223-9605-CC75FFCB813C}.Release|Mixed Platforms.Build.0 = Release|Win32
		{A682E7F2-5D47-4223-9605-CC75FFCB813C}.Release|Windows Phone (Universal).ActiveCfg = Release|Win32
		{A682E7F2-5D47-4223-9605-CC75FFCB813C}.Release|Windows Phone 8.ActiveCfg = Release|Win32
		{A682E7F2-5D47-4223-9605-CC75FFCB813C}.Release|Windows-AnyCPU.ActiveCfg = Release|Win32
		{A682E7F2-5D47-4223-9605-CC75FFCB813C}.Release|Windows-ARM.ActiveCfg = Release|Win32
		{A682E7F2-5D47-4223-9605-CC75FFCB813C}.Release|Windows-x64.ActiveCfg = Release|Win32
		{A682E7F2-5D47-4223-9605-CC75FFCB813C}.Release|Windows-x86.ActiveCfg = Release|Win32
		{A682E7F2-5D47-4223-9605-CC75FFCB813C}.Release|x86.ActiveCfg = Release|Win32
		{A682E7F2-5D47-4223-9605-CC75FFCB813C}.Release|x86.Build.0 = Release|Win32
	EndGlobalSection
	GlobalSection(SolutionProperties) = preSolution
		HideSolutionNode = FALSE
	EndGlobalSection
	GlobalSection(ExtensibilityGlobals) = postSolution
		SolutionGuid = {833366BF-6534-4965-A423-6C08ED641AC7}
	EndGlobalSection
EndGlobal
